// !$*UTF8*$!
{
	archiveVersion = 1;
	classes = {
	};
	objectVersion = 56;
	objects = {

/* Begin PBXBuildFile section */
		956E29C82E2D2A9700DEC7A6 /* mindechoApp.swift in Sources */ = {isa = PBXBuildFile; fileRef = 956E29C72E2D2A9700DEC7A6 /* mindechoApp.swift */; };
		956E29CA2E2D2A9700DEC7A6 /* ContentView.swift in Sources */ = {isa = PBXBuildFile; fileRef = 956E29C92E2D2A9700DEC7A6 /* ContentView.swift */; };
		956E29CC2E2D2A9B00DEC7A6 /* Assets.xcassets in Resources */ = {isa = PBXBuildFile; fileRef = 956E29CB2E2D2A9B00DEC7A6 /* Assets.xcassets */; };
		956E29CF2E2D2A9B00DEC7A6 /* Preview Assets.xcassets in Resources */ = {isa = PBXBuildFile; fileRef = 956E29CE2E2D2A9B00DEC7A6 /* Preview Assets.xcassets */; };
		956E29D92E2D2A9B00DEC7A6 /* mindechoTests.swift in Sources */ = {isa = PBXBuildFile; fileRef = 956E29D82E2D2A9B00DEC7A6 /* mindechoTests.swift */; };
		956E29E32E2D2A9B00DEC7A6 /* mindechoUITests.swift in Sources */ = {isa = PBXBuildFile; fileRef = 956E29E22E2D2A9B00DEC7A6 /* mindechoUITests.swift */; };
		956E29E52E2D2A9B00DEC7A6 /* mindechoUITestsLaunchTests.swift in Sources */ = {isa = PBXBuildFile; fileRef = 956E29E42E2D2A9B00DEC7A6 /* mindechoUITestsLaunchTests.swift */; };
		956E29F32E2D352F00DEC7A6 /* chatmodel.swift in Sources */ = {isa = PBXBuildFile; fileRef = 956E29F22E2D352F00DEC7A6 /* chatmodel.swift */; };
		956E29FD2E2D3CB400DEC7A6 /* chatapi.swift in Sources */ = {isa = PBXBuildFile; fileRef = 956E29FC2E2D3CB400DEC7A6 /* chatapi.swift */; };
		956E29FF2E2D3CBE00DEC7A6 /* chathook.swift in Sources */ = {isa = PBXBuildFile; fileRef = 956E29FE2E2D3CBE00DEC7A6 /* chathook.swift */; };
		956E2A012E2D3CCA00DEC7A6 /* chatlistpage.swift in Sources */ = {isa = PBXBuildFile; fileRef = 956E2A002E2D3CCA00DEC7A6 /* chatlistpage.swift */; };
		956E2A042E2D3CE200DEC7A6 /* chatdetailpage.swift in Sources */ = {isa = PBXBuildFile; fileRef = 956E2A032E2D3CE200DEC7A6 /* chatdetailpage.swift */; };
		956E2A062E2D3CF500DEC7A6 /* chatbubble.swift in Sources */ = {isa = PBXBuildFile; fileRef = 956E2A052E2D3CF500DEC7A6 /* chatbubble.swift */; };
		956E2A082E2D3D0000DEC7A6 /* messageinput.swift in Sources */ = {isa = PBXBuildFile; fileRef = 956E2A072E2D3D0000DEC7A6 /* messageinput.swift */; };
		956E2A0A2E2D3D0D00DEC7A6 /* typingindicator.swift in Sources */ = {isa = PBXBuildFile; fileRef = 956E2A092E2D3D0D00DEC7A6 /* typingindicator.swift */; };
		956E2A0C2E2D3D1F00DEC7A6 /* therapymodecomponents.swift in Sources */ = {isa = PBXBuildFile; fileRef = 956E2A0B2E2D3D1F00DEC7A6 /* therapymodecomponents.swift */; };
		956E2A0E2E2D3D2900DEC7A6 /* colors.swift in Sources */ = {isa = PBXBuildFile; fileRef = 956E2A0D2E2D3D2900DEC7A6 /* colors.swift */; };
		956E2A102E2D421C00DEC7A6 /* Extensions.swift in Sources */ = {isa = PBXBuildFile; fileRef = 956E2A0F2E2D421C00DEC7A6 /* Extensions.swift */; };
/* End PBXBuildFile section */

/* Begin PBXContainerItemProxy section */
		956E29D52E2D2A9B00DEC7A6 /* PBXContainerItemProxy */ = {
			isa = PBXContainerItemProxy;
			containerPortal = 956E29BC2E2D2A9600DEC7A6 /* Project object */;
			proxyType = 1;
			remoteGlobalIDString = 956E29C32E2D2A9700DEC7A6;
			remoteInfo = mindecho;
		};
		956E29DF2E2D2A9B00DEC7A6 /* PBXContainerItemProxy */ = {
			isa = PBXContainerItemProxy;
			containerPortal = 956E29BC2E2D2A9600DEC7A6 /* Project object */;
			proxyType = 1;
			remoteGlobalIDString = 956E29C32E2D2A9700DEC7A6;
			remoteInfo = mindecho;
		};
/* End PBXContainerItemProxy section */

/* Begin PBXFileReference section */
		956E29C42E2D2A9700DEC7A6 /* mindecho.app */ = {isa = PBXFileReference; explicitFileType = wrapper.application; includeInIndex = 0; path = mindecho.app; sourceTree = BUILT_PRODUCTS_DIR; };
		956E29C72E2D2A9700DEC7A6 /* mindechoApp.swift */ = {isa = PBXFileReference; lastKnownFileType = sourcecode.swift; path = mindechoApp.swift; sourceTree = "<group>"; };
		956E29C92E2D2A9700DEC7A6 /* ContentView.swift */ = {isa = PBXFileReference; lastKnownFileType = sourcecode.swift; path = ContentView.swift; sourceTree = "<group>"; };
		956E29CB2E2D2A9B00DEC7A6 /* Assets.xcassets */ = {isa = PBXFileReference; lastKnownFileType = folder.assetcatalog; path = Assets.xcassets; sourceTree = "<group>"; };
		956E29CE2E2D2A9B00DEC7A6 /* Preview Assets.xcassets */ = {isa = PBXFileReference; lastKnownFileType = folder.assetcatalog; path = "Preview Assets.xcassets"; sourceTree = "<group>"; };
		956E29D42E2D2A9B00DEC7A6 /* mindechoTests.xctest */ = {isa = PBXFileReference; explicitFileType = wrapper.cfbundle; includeInIndex = 0; path = mindechoTests.xctest; sourceTree = BUILT_PRODUCTS_DIR; };
		956E29D82E2D2A9B00DEC7A6 /* mindechoTests.swift */ = {isa = PBXFileReference; lastKnownFileType = sourcecode.swift; path = mindechoTests.swift; sourceTree = "<group>"; };
		956E29DE2E2D2A9B00DEC7A6 /* mindechoUITests.xctest */ = {isa = PBXFileReference; explicitFileType = wrapper.cfbundle; includeInIndex = 0; path = mindechoUITests.xctest; sourceTree = BUILT_PRODUCTS_DIR; };
		956E29E22E2D2A9B00DEC7A6 /* mindechoUITests.swift */ = {isa = PBXFileReference; lastKnownFileType = sourcecode.swift; path = mindechoUITests.swift; sourceTree = "<group>"; };
		956E29E42E2D2A9B00DEC7A6 /* mindechoUITestsLaunchTests.swift */ = {isa = PBXFileReference; lastKnownFileType = sourcecode.swift; path = mindechoUITestsLaunchTests.swift; sourceTree = "<group>"; };
		956E29F22E2D352F00DEC7A6 /* chatmodel.swift */ = {isa = PBXFileReference; lastKnownFileType = sourcecode.swift; path = chatmodel.swift; sourceTree = "<group>"; };
		956E29FC2E2D3CB400DEC7A6 /* chatapi.swift */ = {isa = PBXFileReference; lastKnownFileType = sourcecode.swift; path = chatapi.swift; sourceTree = "<group>"; };
		956E29FE2E2D3CBE00DEC7A6 /* chathook.swift */ = {isa = PBXFileReference; lastKnownFileType = sourcecode.swift; path = chathook.swift; sourceTree = "<group>"; };
		956E2A002E2D3CCA00DEC7A6 /* chatlistpage.swift */ = {isa = PBXFileReference; lastKnownFileType = sourcecode.swift; path = chatlistpage.swift; sourceTree = "<group>"; };
		956E2A032E2D3CE200DEC7A6 /* chatdetailpage.swift */ = {isa = PBXFileReference; lastKnownFileType = sourcecode.swift; path = chatdetailpage.swift; sourceTree = "<group>"; };
		956E2A052E2D3CF500DEC7A6 /* chatbubble.swift */ = {isa = PBXFileReference; lastKnownFileType = sourcecode.swift; path = chatbubble.swift; sourceTree = "<group>"; };
		956E2A072E2D3D0000DEC7A6 /* messageinput.swift */ = {isa = PBXFileReference; lastKnownFileType = sourcecode.swift; path = messageinput.swift; sourceTree = "<group>"; };
		956E2A092E2D3D0D00DEC7A6 /* typingindicator.swift */ = {isa = PBXFileReference; lastKnownFileType = sourcecode.swift; path = typingindicator.swift; sourceTree = "<group>"; };
		956E2A0B2E2D3D1F00DEC7A6 /* therapymodecomponents.swift */ = {isa = PBXFileReference; lastKnownFileType = sourcecode.swift; path = therapymodecomponents.swift; sourceTree = "<group>"; };
		956E2A0D2E2D3D2900DEC7A6 /* colors.swift */ = {isa = PBXFileReference; lastKnownFileType = sourcecode.swift; path = colors.swift; sourceTree = "<group>"; };
		956E2A0F2E2D421C00DEC7A6 /* Extensions.swift */ = {isa = PBXFileReference; lastKnownFileType = sourcecode.swift; path = Extensions.swift; sourceTree = "<group>"; };
/* End PBXFileReference section */

/* Begin PBXFrameworksBuildPhase section */
		956E29C12E2D2A9700DEC7A6 /* Frameworks */ = {
			isa = PBXFrameworksBuildPhase;
			buildActionMask = 2147483647;
			files = (
			);
			runOnlyForDeploymentPostprocessing = 0;
		};
		956E29D12E2D2A9B00DEC7A6 /* Frameworks */ = {
			isa = PBXFrameworksBuildPhase;
			buildActionMask = 2147483647;
			files = (
			);
			runOnlyForDeploymentPostprocessing = 0;
		};
		956E29DB2E2D2A9B00DEC7A6 /* Frameworks */ = {
			isa = PBXFrameworksBuildPhase;
			buildActionMask = 2147483647;
			files = (
			);
			runOnlyForDeploymentPostprocessing = 0;
		};
/* End PBXFrameworksBuildPhase section */

/* Begin PBXGroup section */
		956E29BB2E2D2A9600DEC7A6 = {
			isa = PBXGroup;
			children = (
				956E29C62E2D2A9700DEC7A6 /* mindecho */,
				956E29D72E2D2A9B00DEC7A6 /* mindechoTests */,
				956E29E12E2D2A9B00DEC7A6 /* mindechoUITests */,
				956E29C52E2D2A9700DEC7A6 /* Products */,
			);
			sourceTree = "<group>";
		};
		956E29C52E2D2A9700DEC7A6 /* Products */ = {
			isa = PBXGroup;
			children = (
				956E29C42E2D2A9700DEC7A6 /* mindecho.app */,
				956E29D42E2D2A9B00DEC7A6 /* mindechoTests.xctest */,
				956E29DE2E2D2A9B00DEC7A6 /* mindechoUITests.xctest */,
			);
			name = Products;
			sourceTree = "<group>";
		};
		956E29C62E2D2A9700DEC7A6 /* mindecho */ = {
			isa = PBXGroup;
			children = (
				956E29FB2E2D3C7700DEC7A6 /* pages */,
				956E29FA2E2D3C6300DEC7A6 /* hooks */,
				956E29F92E2D3C5E00DEC7A6 /* auth */,
				956E29F82E2D3C5400DEC7A6 /* components */,
				956E29F72E2D3C4000DEC7A6 /* utils */,
				956E29F52E2D3C2600DEC7A6 /* API */,
				956E29F42E2D3BF400DEC7A6 /* styles */,
				956E29F12E2D352200DEC7A6 /* models */,
				956E29C72E2D2A9700DEC7A6 /* mindechoApp.swift */,
				956E29C92E2D2A9700DEC7A6 /* ContentView.swift */,
				956E29CB2E2D2A9B00DEC7A6 /* Assets.xcassets */,
				956E29CD2E2D2A9B00DEC7A6 /* Preview Content */,
			);
			path = mindecho;
			sourceTree = "<group>";
		};
		956E29CD2E2D2A9B00DEC7A6 /* Preview Content */ = {
			isa = PBXGroup;
			children = (
				956E29CE2E2D2A9B00DEC7A6 /* Preview Assets.xcassets */,
			);
			path = "Preview Content";
			sourceTree = "<group>";
		};
		956E29D72E2D2A9B00DEC7A6 /* mindechoTests */ = {
			isa = PBXGroup;
			children = (
				956E29D82E2D2A9B00DEC7A6 /* mindechoTests.swift */,
			);
			path = mindechoTests;
			sourceTree = "<group>";
		};
		956E29E12E2D2A9B00DEC7A6 /* mindechoUITests */ = {
			isa = PBXGroup;
			children = (
				956E29E22E2D2A9B00DEC7A6 /* mindechoUITests.swift */,
				956E29E42E2D2A9B00DEC7A6 /* mindechoUITestsLaunchTests.swift */,
			);
			path = mindechoUITests;
			sourceTree = "<group>";
		};
		956E29F12E2D352200DEC7A6 /* models */ = {
			isa = PBXGroup;
			children = (
				956E29F22E2D352F00DEC7A6 /* chatmodel.swift */,
			);
			path = models;
			sourceTree = "<group>";
		};
		956E29F42E2D3BF400DEC7A6 /* styles */ = {
			isa = PBXGroup;
			children = (
				956E2A0D2E2D3D2900DEC7A6 /* colors.swift */,
			);
			path = styles;
			sourceTree = "<group>";
		};
		956E29F52E2D3C2600DEC7A6 /* API */ = {
			isa = PBXGroup;
			children = (
				956E29FC2E2D3CB400DEC7A6 /* chatapi.swift */,
			);
			path = API;
			sourceTree = "<group>";
		};
		956E29F72E2D3C4000DEC7A6 /* utils */ = {
			isa = PBXGroup;
			children = (
				956E2A0F2E2D421C00DEC7A6 /* Extensions.swift */,
			);
			path = utils;
			sourceTree = "<group>";
		};
		956E29F82E2D3C5400DEC7A6 /* components */ = {
			isa = PBXGroup;
			children = (
				956E2A052E2D3CF500DEC7A6 /* chatbubble.swift */,
				956E2A072E2D3D0000DEC7A6 /* messageinput.swift */,
				956E2A092E2D3D0D00DEC7A6 /* typingindicator.swift */,
				956E2A0B2E2D3D1F00DEC7A6 /* therapymodecomponents.swift */,
			);
			path = components;
			sourceTree = "<group>";
		};
		956E29F92E2D3C5E00DEC7A6 /* auth */ = {
			isa = PBXGroup;
			children = (
			);
			path = auth;
			sourceTree = "<group>";
		};
		956E29FA2E2D3C6300DEC7A6 /* hooks */ = {
			isa = PBXGroup;
			children = (
				956E29FE2E2D3CBE00DEC7A6 /* chathook.swift */,
			);
			path = hooks;
			sourceTree = "<group>";
		};
		956E29FB2E2D3C7700DEC7A6 /* pages */ = {
			isa = PBXGroup;
			children = (
				956E2A002E2D3CCA00DEC7A6 /* chatlistpage.swift */,
				956E2A032E2D3CE200DEC7A6 /* chatdetailpage.swift */,
			);
			path = pages;
			sourceTree = "<group>";
		};
/* End PBXGroup section */

/* Begin PBXNativeTarget section */
		956E29C32E2D2A9700DEC7A6 /* mindecho */ = {
			isa = PBXNativeTarget;
			buildConfigurationList = 956E29E82E2D2A9B00DEC7A6 /* Build configuration list for PBXNativeTarget "mindecho" */;
			buildPhases = (
				956E29C02E2D2A9700DEC7A6 /* Sources */,
				956E29C12E2D2A9700DEC7A6 /* Frameworks */,
				956E29C22E2D2A9700DEC7A6 /* Resources */,
			);
			buildRules = (
			);
			dependencies = (
			);
			name = mindecho;
			productName = mindecho;
			productReference = 956E29C42E2D2A9700DEC7A6 /* mindecho.app */;
			productType = "com.apple.product-type.application";
		};
		956E29D32E2D2A9B00DEC7A6 /* mindechoTests */ = {
			isa = PBXNativeTarget;
			buildConfigurationList = 956E29EB2E2D2A9B00DEC7A6 /* Build configuration list for PBXNativeTarget "mindechoTests" */;
			buildPhases = (
				956E29D02E2D2A9B00DEC7A6 /* Sources */,
				956E29D12E2D2A9B00DEC7A6 /* Frameworks */,
				956E29D22E2D2A9B00DEC7A6 /* Resources */,
			);
			buildRules = (
			);
			dependencies = (
				956E29D62E2D2A9B00DEC7A6 /* PBXTargetDependency */,
			);
			name = mindechoTests;
			productName = mindechoTests;
			productReference = 956E29D42E2D2A9B00DEC7A6 /* mindechoTests.xctest */;
			productType = "com.apple.product-type.bundle.unit-test";
		};
		956E29DD2E2D2A9B00DEC7A6 /* mindechoUITests */ = {
			isa = PBXNativeTarget;
			buildConfigurationList = 956E29EE2E2D2A9B00DEC7A6 /* Build configuration list for PBXNativeTarget "mindechoUITests" */;
			buildPhases = (
				956E29DA2E2D2A9B00DEC7A6 /* Sources */,
				956E29DB2E2D2A9B00DEC7A6 /* Frameworks */,
				956E29DC2E2D2A9B00DEC7A6 /* Resources */,
			);
			buildRules = (
			);
			dependencies = (
				956E29E02E2D2A9B00DEC7A6 /* PBXTargetDependency */,
			);
			name = mindechoUITests;
			productName = mindechoUITests;
			productReference = 956E29DE2E2D2A9B00DEC7A6 /* mindechoUITests.xctest */;
			productType = "com.apple.product-type.bundle.ui-testing";
		};
/* End PBXNativeTarget section */

/* Begin PBXProject section */
		956E29BC2E2D2A9600DEC7A6 /* Project object */ = {
			isa = PBXProject;
			attributes = {
				BuildIndependentTargetsInParallel = 1;
				LastSwiftUpdateCheck = 1520;
				LastUpgradeCheck = 1520;
				TargetAttributes = {
					956E29C32E2D2A9700DEC7A6 = {
						CreatedOnToolsVersion = 15.2;
					};
					956E29D32E2D2A9B00DEC7A6 = {
						CreatedOnToolsVersion = 15.2;
						TestTargetID = 956E29C32E2D2A9700DEC7A6;
					};
					956E29DD2E2D2A9B00DEC7A6 = {
						CreatedOnToolsVersion = 15.2;
						TestTargetID = 956E29C32E2D2A9700DEC7A6;
					};
				};
			};
			buildConfigurationList = 956E29BF2E2D2A9600DEC7A6 /* Build configuration list for PBXProject "mindecho" */;
			compatibilityVersion = "Xcode 14.0";
			developmentRegion = en;
			hasScannedForEncodings = 0;
			knownRegions = (
				en,
				Base,
			);
			mainGroup = 956E29BB2E2D2A9600DEC7A6;
			productRefGroup = 956E29C52E2D2A9700DEC7A6 /* Products */;
			projectDirPath = "";
			projectRoot = "";
			targets = (
				956E29C32E2D2A9700DEC7A6 /* mindecho */,
				956E29D32E2D2A9B00DEC7A6 /* mindechoTests */,
				956E29DD2E2D2A9B00DEC7A6 /* mindechoUITests */,
			);
		};
/* End PBXProject section */

/* Begin PBXResourcesBuildPhase section */
		956E29C22E2D2A9700DEC7A6 /* Resources */ = {
			isa = PBXResourcesBuildPhase;
			buildActionMask = 2147483647;
			files = (
				956E29CF2E2D2A9B00DEC7A6 /* Preview Assets.xcassets in Resources */,
				956E29CC2E2D2A9B00DEC7A6 /* Assets.xcassets in Resources */,
			);
			runOnlyForDeploymentPostprocessing = 0;
		};
		956E29D22E2D2A9B00DEC7A6 /* Resources */ = {
			isa = PBXResourcesBuildPhase;
			buildActionMask = 2147483647;
			files = (
			);
			runOnlyForDeploymentPostprocessing = 0;
		};
		956E29DC2E2D2A9B00DEC7A6 /* Resources */ = {
			isa = PBXResourcesBuildPhase;
			buildActionMask = 2147483647;
			files = (
			);
			runOnlyForDeploymentPostprocessing = 0;
		};
/* End PBXResourcesBuildPhase section */

/* Begin PBXSourcesBuildPhase section */
		956E29C02E2D2A9700DEC7A6 /* Sources */ = {
			isa = PBXSourcesBuildPhase;
			buildActionMask = 2147483647;
			files = (
				956E2A0C2E2D3D1F00DEC7A6 /* therapymodecomponents.swift in Sources */,
				956E2A0E2E2D3D2900DEC7A6 /* colors.swift in Sources */,
				956E2A012E2D3CCA00DEC7A6 /* chatlistpage.swift in Sources */,
				956E2A042E2D3CE200DEC7A6 /* chatdetailpage.swift in Sources */,
				956E29CA2E2D2A9700DEC7A6 /* ContentView.swift in Sources */,
				956E29C82E2D2A9700DEC7A6 /* mindechoApp.swift in Sources */,
				956E2A0A2E2D3D0D00DEC7A6 /* typingindicator.swift in Sources */,
				956E2A082E2D3D0000DEC7A6 /* messageinput.swift in Sources */,
				956E2A102E2D421C00DEC7A6 /* Extensions.swift in Sources */,
				956E29FD2E2D3CB400DEC7A6 /* chatapi.swift in Sources */,
				956E29FF2E2D3CBE00DEC7A6 /* chathook.swift in Sources */,
				956E29F32E2D352F00DEC7A6 /* chatmodel.swift in Sources */,
				956E2A062E2D3CF500DEC7A6 /* chatbubble.swift in Sources */,
			);
			runOnlyForDeploymentPostprocessing = 0;
		};
		956E29D02E2D2A9B00DEC7A6 /* Sources */ = {
			isa = PBXSourcesBuildPhase;
			buildActionMask = 2147483647;
			files = (
				956E29D92E2D2A9B00DEC7A6 /* mindechoTests.swift in Sources */,
			);
			runOnlyForDeploymentPostprocessing = 0;
		};
		956E29DA2E2D2A9B00DEC7A6 /* Sources */ = {
			isa = PBXSourcesBuildPhase;
			buildActionMask = 2147483647;
			files = (
				956E29E52E2D2A9B00DEC7A6 /* mindechoUITestsLaunchTests.swift in Sources */,
				956E29E32E2D2A9B00DEC7A6 /* mindechoUITests.swift in Sources */,
			);
			runOnlyForDeploymentPostprocessing = 0;
		};
/* End PBXSourcesBuildPhase section */

/* Begin PBXTargetDependency section */
		956E29D62E2D2A9B00DEC7A6 /* PBXTargetDependency */ = {
			isa = PBXTargetDependency;
			target = 956E29C32E2D2A9700DEC7A6 /* mindecho */;
			targetProxy = 956E29D52E2D2A9B00DEC7A6 /* PBXContainerItemProxy */;
		};
		956E29E02E2D2A9B00DEC7A6 /* PBXTargetDependency */ = {
			isa = PBXTargetDependency;
			target = 956E29C32E2D2A9700DEC7A6 /* mindecho */;
			targetProxy = 956E29DF2E2D2A9B00DEC7A6 /* PBXContainerItemProxy */;
		};
/* End PBXTargetDependency section */

/* Begin XCBuildConfiguration section */
		956E29E62E2D2A9B00DEC7A6 /* Debug */ = {
			isa = XCBuildConfiguration;
			buildSettings = {
				ALWAYS_SEARCH_USER_PATHS = NO;
				ASSETCATALOG_COMPILER_GENERATE_SWIFT_ASSET_SYMBOL_EXTENSIONS = YES;
				CLANG_ANALYZER_NONNULL = YES;
				CLANG_ANALYZER_NUMBER_OBJECT_CONVERSION = YES_AGGRESSIVE;
				CLANG_CXX_LANGUAGE_STANDARD = "gnu++20";
				CLANG_ENABLE_MODULES = YES;
				CLANG_ENABLE_OBJC_ARC = YES;
				CLANG_ENABLE_OBJC_WEAK = YES;
				CLANG_WARN_BLOCK_CAPTURE_AUTORELEASING = YES;
				CLANG_WARN_BOOL_CONVERSION = YES;
				CLANG_WARN_COMMA = YES;
				CLANG_WARN_CONSTANT_CONVERSION = YES;
				CLANG_WARN_DEPRECATED_OBJC_IMPLEMENTATIONS = YES;
				CLANG_WARN_DIRECT_OBJC_ISA_USAGE = YES_ERROR;
				CLANG_WARN_DOCUMENTATION_COMMENTS = YES;
				CLANG_WARN_EMPTY_BODY = YES;
				CLANG_WARN_ENUM_CONVERSION = YES;
				CLANG_WARN_INFINITE_RECURSION = YES;
				CLANG_WARN_INT_CONVERSION = YES;
				CLANG_WARN_NON_LITERAL_NULL_CONVERSION = YES;
				CLANG_WARN_OBJC_IMPLICIT_RETAIN_SELF = YES;
				CLANG_WARN_OBJC_LITERAL_CONVERSION = YES;
				CLANG_WARN_OBJC_ROOT_CLASS = YES_ERROR;
				CLANG_WARN_QUOTED_INCLUDE_IN_FRAMEWORK_HEADER = YES;
				CLANG_WARN_RANGE_LOOP_ANALYSIS = YES;
				CLANG_WARN_STRICT_PROTOTYPES = YES;
				CLANG_WARN_SUSPICIOUS_MOVE = YES;
				CLANG_WARN_UNGUARDED_AVAILABILITY = YES_AGGRESSIVE;
				CLANG_WARN_UNREACHABLE_CODE = YES;
				CLANG_WARN__DUPLICATE_METHOD_MATCH = YES;
				COPY_PHASE_STRIP = NO;
				DEBUG_INFORMATION_FORMAT = dwarf;
				ENABLE_STRICT_OBJC_MSGSEND = YES;
				ENABLE_TESTABILITY = YES;
				ENABLE_USER_SCRIPT_SANDBOXING = YES;
				GCC_C_LANGUAGE_STANDARD = gnu17;
				GCC_DYNAMIC_NO_PIC = NO;
				GCC_NO_COMMON_BLOCKS = YES;
				GCC_OPTIMIZATION_LEVEL = 0;
				GCC_PREPROCESSOR_DEFINITIONS = (
					"DEBUG=1",
					"$(inherited)",
				);
				GCC_WARN_64_TO_32_BIT_CONVERSION = YES;
				GCC_WARN_ABOUT_RETURN_TYPE = YES_ERROR;
				GCC_WARN_UNDECLARED_SELECTOR = YES;
				GCC_WARN_UNINITIALIZED_AUTOS = YES_AGGRESSIVE;
				GCC_WARN_UNUSED_FUNCTION = YES;
				GCC_WARN_UNUSED_VARIABLE = YES;
				IPHONEOS_DEPLOYMENT_TARGET = 17.2;
				LOCALIZATION_PREFERS_STRING_CATALOGS = YES;
				MTL_ENABLE_DEBUG_INFO = INCLUDE_SOURCE;
				MTL_FAST_MATH = YES;
				ONLY_ACTIVE_ARCH = YES;
				SDKROOT = iphoneos;
				SWIFT_ACTIVE_COMPILATION_CONDITIONS = "DEBUG $(inherited)";
				SWIFT_OPTIMIZATION_LEVEL = "-Onone";
			};
			name = Debug;
		};
		956E29E72E2D2A9B00DEC7A6 /* Release */ = {
			isa = XCBuildConfiguration;
			buildSettings = {
				ALWAYS_SEARCH_USER_PATHS = NO;
				ASSETCATALOG_COMPILER_GENERATE_SWIFT_ASSET_SYMBOL_EXTENSIONS = YES;
				CLANG_ANALYZER_NONNULL = YES;
				CLANG_ANALYZER_NUMBER_OBJECT_CONVERSION = YES_AGGRESSIVE;
				CLANG_CXX_LANGUAGE_STANDARD = "gnu++20";
				CLANG_ENABLE_MODULES = YES;
				CLANG_ENABLE_OBJC_ARC = YES;
				CLANG_ENABLE_OBJC_WEAK = YES;
				CLANG_WARN_BLOCK_CAPTURE_AUTORELEASING = YES;
				CLANG_WARN_BOOL_CONVERSION = YES;
				CLANG_WARN_COMMA = YES;
				CLANG_WARN_CONSTANT_CONVERSION = YES;
				CLANG_WARN_DEPRECATED_OBJC_IMPLEMENTATIONS = YES;
				CLANG_WARN_DIRECT_OBJC_ISA_USAGE = YES_ERROR;
				CLANG_WARN_DOCUMENTATION_COMMENTS = YES;
				CLANG_WARN_EMPTY_BODY = YES;
				CLANG_WARN_ENUM_CONVERSION = YES;
				CLANG_WARN_INFINITE_RECURSION = YES;
				CLANG_WARN_INT_CONVERSION = YES;
				CLANG_WARN_NON_LITERAL_NULL_CONVERSION = YES;
				CLANG_WARN_OBJC_IMPLICIT_RETAIN_SELF = YES;
				CLANG_WARN_OBJC_LITERAL_CONVERSION = YES;
				CLANG_WARN_OBJC_ROOT_CLASS = YES_ERROR;
				CLANG_WARN_QUOTED_INCLUDE_IN_FRAMEWORK_HEADER = YES;
				CLANG_WARN_RANGE_LOOP_ANALYSIS = YES;
				CLANG_WARN_STRICT_PROTOTYPES = YES;
				CLANG_WARN_SUSPICIOUS_MOVE = YES;
				CLANG_WARN_UNGUARDED_AVAILABILITY = YES_AGGRESSIVE;
				CLANG_WARN_UNREACHABLE_CODE = YES;
				CLANG_WARN__DUPLICATE_METHOD_MATCH = YES;
				COPY_PHASE_STRIP = NO;
				DEBUG_INFORMATION_FORMAT = "dwarf-with-dsym";
				ENABLE_NS_ASSERTIONS = NO;
				ENABLE_STRICT_OBJC_MSGSEND = YES;
				ENABLE_USER_SCRIPT_SANDBOXING = YES;
				GCC_C_LANGUAGE_STANDARD = gnu17;
				GCC_NO_COMMON_BLOCKS = YES;
				GCC_WARN_64_TO_32_BIT_CONVERSION = YES;
				GCC_WARN_ABOUT_RETURN_TYPE = YES_ERROR;
				GCC_WARN_UNDECLARED_SELECTOR = YES;
				GCC_WARN_UNINITIALIZED_AUTOS = YES_AGGRESSIVE;
				GCC_WARN_UNUSED_FUNCTION = YES;
				GCC_WARN_UNUSED_VARIABLE = YES;
				IPHONEOS_DEPLOYMENT_TARGET = 17.2;
				LOCALIZATION_PREFERS_STRING_CATALOGS = YES;
				MTL_ENABLE_DEBUG_INFO = NO;
				MTL_FAST_MATH = YES;
				SDKROOT = iphoneos;
				SWIFT_COMPILATION_MODE = wholemodule;
				VALIDATE_PRODUCT = YES;
			};
			name = Release;
		};
		956E29E92E2D2A9B00DEC7A6 /* Debug */ = {
			isa = XCBuildConfiguration;
			buildSettings = {
				ASSETCATALOG_COMPILER_APPICON_NAME = AppIcon;
				ASSETCATALOG_COMPILER_GLOBAL_ACCENT_COLOR_NAME = AccentColor;
				CODE_SIGN_STYLE = Automatic;
				CURRENT_PROJECT_VERSION = 1;
				DEVELOPMENT_ASSET_PATHS = "\"mindecho/Preview Content\"";
				ENABLE_PREVIEWS = YES;
				GENERATE_INFOPLIST_FILE = YES;
				INFOPLIST_KEY_UIApplicationSceneManifest_Generation = YES;
				INFOPLIST_KEY_UIApplicationSupportsIndirectInputEvents = YES;
				INFOPLIST_KEY_UILaunchScreen_Generation = YES;
				INFOPLIST_KEY_UISupportedInterfaceOrientations_iPad = "UIInterfaceOrientationPortrait UIInterfaceOrientationPortraitUpsideDown UIInterfaceOrientationLandscapeLeft UIInterfaceOrientationLandscapeRight";
				INFOPLIST_KEY_UISupportedInterfaceOrientations_iPhone = "UIInterfaceOrientationPortrait UIInterfaceOrientationLandscapeLeft UIInterfaceOrientationLandscapeRight";
				LD_RUNPATH_SEARCH_PATHS = (
					"$(inherited)",
					"@executable_path/Frameworks",
				);
				MARKETING_VERSION = 1.0;
				PRODUCT_BUNDLE_IDENTIFIER = no.mindecho;
				PRODUCT_NAME = "$(TARGET_NAME)";
				SWIFT_EMIT_LOC_STRINGS = YES;
				SWIFT_VERSION = 5.0;
				TARGETED_DEVICE_FAMILY = "1,2";
			};
			name = Debug;
		};
		956E29EA2E2D2A9B00DEC7A6 /* Release */ = {
			isa = XCBuildConfiguration;
			buildSettings = {
				ASSETCATALOG_COMPILER_APPICON_NAME = AppIcon;
				ASSETCATALOG_COMPILER_GLOBAL_ACCENT_COLOR_NAME = AccentColor;
				CODE_SIGN_STYLE = Automatic;
				CURRENT_PROJECT_VERSION = 1;
				DEVELOPMENT_ASSET_PATHS = "\"mindecho/Preview Content\"";
				ENABLE_PREVIEWS = YES;
				GENERATE_INFOPLIST_FILE = YES;
				INFOPLIST_KEY_UIApplicationSceneManifest_Generation = YES;
				INFOPLIST_KEY_UIApplicationSupportsIndirectInputEvents = YES;
				INFOPLIST_KEY_UILaunchScreen_Generation = YES;
				INFOPLIST_KEY_UISupportedInterfaceOrientations_iPad = "UIInterfaceOrientationPortrait UIInterfaceOrientationPortraitUpsideDown UIInterfaceOrientationLandscapeLeft UIInterfaceOrientationLandscapeRight";
				INFOPLIST_KEY_UISupportedInterfaceOrientations_iPhone = "UIInterfaceOrientationPortrait UIInterfaceOrientationLandscapeLeft UIInterfaceOrientationLandscapeRight";
				LD_RUNPATH_SEARCH_PATHS = (
					"$(inherited)",
					"@executable_path/Frameworks",
				);
				MARKETING_VERSION = 1.0;
				PRODUCT_BUNDLE_IDENTIFIER = no.mindecho;
				PRODUCT_NAME = "$(TARGET_NAME)";
				SWIFT_EMIT_LOC_STRINGS = YES;
				SWIFT_VERSION = 5.0;
				TARGETED_DEVICE_FAMILY = "1,2";
			};
			name = Release;
		};
		956E29EC2E2D2A9B00DEC7A6 /* Debug */ = {
			isa = XCBuildConfiguration;
			buildSettings = {
				ALWAYS_EMBED_SWIFT_STANDARD_LIBRARIES = YES;
				BUNDLE_LOADER = "$(TEST_HOST)";
				CODE_SIGN_STYLE = Automatic;
				CURRENT_PROJECT_VERSION = 1;
				GENERATE_INFOPLIST_FILE = YES;
				IPHONEOS_DEPLOYMENT_TARGET = 17.2;
				MARKETING_VERSION = 1.0;
				PRODUCT_BUNDLE_IDENTIFIER = no.mindechoTests;
				PRODUCT_NAME = "$(TARGET_NAME)";
				SWIFT_EMIT_LOC_STRINGS = NO;
				SWIFT_VERSION = 5.0;
				TARGETED_DEVICE_FAMILY = "1,2";
				TEST_HOST = "$(BUILT_PRODUCTS_DIR)/mindecho.app/$(BUNDLE_EXECUTABLE_FOLDER_PATH)/mindecho";
			};
			name = Debug;
		};
		956E29ED2E2D2A9B00DEC7A6 /* Release */ = {
			isa = XCBuildConfiguration;
			buildSettings = {
				ALWAYS_EMBED_SWIFT_STANDARD_LIBRARIES = YES;
				BUNDLE_LOADER = "$(TEST_HOST)";
				CODE_SIGN_STYLE = Automatic;
				CURRENT_PROJECT_VERSION = 1;
				GENERATE_INFOPLIST_FILE = YES;
				IPHONEOS_DEPLOYMENT_TARGET = 17.2;
				MARKETING_VERSION = 1.0;
				PRODUCT_BUNDLE_IDENTIFIER = no.mindechoTests;
				PRODUCT_NAME = "$(TARGET_NAME)";
				SWIFT_EMIT_LOC_STRINGS = NO;
				SWIFT_VERSION = 5.0;
				TARGETED_DEVICE_FAMILY = "1,2";
				TEST_HOST = "$(BUILT_PRODUCTS_DIR)/mindecho.app/$(BUNDLE_EXECUTABLE_FOLDER_PATH)/mindecho";
			};
			name = Release;
		};
		956E29EF2E2D2A9B00DEC7A6 /* Debug */ = {
			isa = XCBuildConfiguration;
			buildSettings = {
				ALWAYS_EMBED_SWIFT_STANDARD_LIBRARIES = YES;
				CODE_SIGN_STYLE = Automatic;
				CURRENT_PROJECT_VERSION = 1;
				GENERATE_INFOPLIST_FILE = YES;
				MARKETING_VERSION = 1.0;
				PRODUCT_BUNDLE_IDENTIFIER = no.mindechoUITests;
				PRODUCT_NAME = "$(TARGET_NAME)";
				SWIFT_EMIT_LOC_STRINGS = NO;
				SWIFT_VERSION = 5.0;
				TARGETED_DEVICE_FAMILY = "1,2";
				TEST_TARGET_NAME = mindecho;
			};
			name = Debug;
		};
		956E29F02E2D2A9B00DEC7A6 /* Release */ = {
			isa = XCBuildConfiguration;
			buildSettings = {
				ALWAYS_EMBED_SWIFT_STANDARD_LIBRARIES = YES;
				CODE_SIGN_STYLE = Automatic;
				CURRENT_PROJECT_VERSION = 1;
				GENERATE_INFOPLIST_FILE = YES;
				MARKETING_VERSION = 1.0;
				PRODUCT_BUNDLE_IDENTIFIER = no.mindechoUITests;
				PRODUCT_NAME = "$(TARGET_NAME)";
				SWIFT_EMIT_LOC_STRINGS = NO;
				SWIFT_VERSION = 5.0;
				TARGETED_DEVICE_FAMILY = "1,2";
				TEST_TARGET_NAME = mindecho;
			};
			name = Release;
		};
/* End XCBuildConfiguration section */

/* Begin XCConfigurationList section */
		956E29BF2E2D2A9600DEC7A6 /* Build configuration list for PBXProject "mindecho" */ = {
			isa = XCConfigurationList;
			buildConfigurations = (
				956E29E62E2D2A9B00DEC7A6 /* Debug */,
				956E29E72E2D2A9B00DEC7A6 /* Release */,
			);
			defaultConfigurationIsVisible = 0;
			defaultConfigurationName = Release;
		};
		956E29E82E2D2A9B00DEC7A6 /* Build configuration list for PBXNativeTarget "mindecho" */ = {
			isa = XCConfigurationList;
			buildConfigurations = (
				956E29E92E2D2A9B00DEC7A6 /* Debug */,
				956E29EA2E2D2A9B00DEC7A6 /* Release */,
			);
			defaultConfigurationIsVisible = 0;
			defaultConfigurationName = Release;
		};
		956E29EB2E2D2A9B00DEC7A6 /* Build configuration list for PBXNativeTarget "mindechoTests" */ = {
			isa = XCConfigurationList;
			buildConfigurations = (
				956E29EC2E2D2A9B00DEC7A6 /* Debug */,
				956E29ED2E2D2A9B00DEC7A6 /* Release */,
			);
			defaultConfigurationIsVisible = 0;
			defaultConfigurationName = Release;
		};
		956E29EE2E2D2A9B00DEC7A6 /* Build configuration list for PBXNativeTarget "mindechoUITests" */ = {
			isa = XCConfigurationList;
			buildConfigurations = (
				956E29EF2E2D2A9B00DEC7A6 /* Debug */,
				956E29F02E2D2A9B00DEC7A6 /* Release */,
			);
			defaultConfigurationIsVisible = 0;
			defaultConfigurationName = Release;
		};
/* End XCConfigurationList section */
	};
	rootObject = 956E29BC2E2D2A9600DEC7A6 /* Project object */;
}
